
Microsoft Visual Studio Solution File, Format Version 12.00
# Visual Studio Version 17
VisualStudioVersion = 17.10.35027.167
MinimumVisualStudioVersion = 10.0.40219.1
Project("{FAE04EC0-301F-11D3-BF4B-00C04F79EFBC}") = "NetMongoDbTest", "NetMongoDbTest.csproj", "{744B6EA8-B619-4668-BEA7-CBD88B18215E}"
EndProject
Global
	GlobalSection(SolutionConfigurationPlatforms) = preSolution
		Debug|Any CPU = Debug|Any CPU
		Release|Any CPU = Release|Any CPU
	EndGlobalSection
	GlobalSection(ProjectConfigurationPlatforms) = postSolution
		{744B6EA8-B619-4668-BEA7-CBD88B18215E}.Debug|Any CPU.ActiveCfg = Debug|Any CPU
		{744B6EA8-B619-4668-BEA7-CBD88B18215E}.Debug|Any CPU.Build.0 = Debug|Any CPU
		{744B6EA8-B619-4668-BEA7-CBD88B18215E}.Release|Any CPU.ActiveCfg = Release|Any CPU
		{744B6EA8-B619-4668-BEA7-CBD88B18215E}.Release|Any CPU.Build.0 = Release|Any CPU
	EndGlobalSection
	GlobalSection(SolutionProperties) = preSolution
		HideSolutionNode = FALSE
	EndGlobalSection
	GlobalSection(ExtensibilityGlobals) = postSolution
		SolutionGuid = {667A19DD-E086-4680-B96D-3D4FB5B5666D}
	EndGlobalSection
EndGlobal
